
Microsoft Visual Studio Solution File, Format Version 12.00
# Visual Studio Version 16
VisualStudioVersion = 16.0.32602.290
MinimumVisualStudioVersion = 10.0.40219.1
Project("{FAE04EC0-301F-11D3-BF4B-00C04F79EFBC}") = "Tema3-Formulario", "Tema3-Formulario\Tema3-Formulario.csproj", "{2379F077-D620-4341-B518-62643726E4CB}"
EndProject
Global
	GlobalSection(SolutionConfigurationPlatforms) = preSolution
		Debug|Any CPU = Debug|Any CPU
		Release|Any CPU = Release|Any CPU
	EndGlobalSection
	GlobalSection(ProjectConfigurationPlatforms) = postSolution
		{2379F077-D620-4341-B518-62643726E4CB}.Debug|Any CPU.ActiveCfg = Debug|Any CPU
		{2379F077-D620-4341-B518-62643726E4CB}.Debug|Any CPU.Build.0 = Debug|Any CPU
		{2379F077-D620-4341-B518-62643726E4CB}.Release|Any CPU.ActiveCfg = Release|Any CPU
		{2379F077-D620-4341-B518-62643726E4CB}.Release|Any CPU.Build.0 = Release|Any CPU
	EndGlobalSection
	GlobalSection(SolutionProperties) = preSolution
		HideSolutionNode = FALSE
	EndGlobalSection
	GlobalSection(ExtensibilityGlobals) = postSolution
		SolutionGuid = {AD9E1C43-F462-4B0E-898F-9E321C02FE01}
	EndGlobalSection
EndGlobal
